
Microsoft Visual Studio Solution File, Format Version 12.00
# Visual Studio 15
VisualStudioVersion = 15.0.36617.4
MinimumVisualStudioVersion = 10.0.40219.1
Project("{FAE04EC0-301F-11D3-BF4B-00C04F79EFBC}") = "Football_Management_System", "Football_Management_System\Football_Management_System.csproj", "{C73DEE9A-E7F4-4524-ADC6-57732BFB2640}"
EndProject
Global
	GlobalSection(SolutionConfigurationPlatforms) = preSolution
		Debug|Any CPU = Debug|Any CPU
		Release|Any CPU = Release|Any CPU
	EndGlobalSection
	GlobalSection(ProjectConfigurationPlatforms) = postSolution
		{C73DEE9A-E7F4-4524-ADC6-57732BFB2640}.Debug|Any CPU.ActiveCfg = Debug|Any CPU
		{C73DEE9A-E7F4-4524-ADC6-57732BFB2640}.Debug|Any CPU.Build.0 = Debug|Any CPU
		{C73DEE9A-E7F4-4524-ADC6-57732BFB2640}.Release|Any CPU.ActiveCfg = Release|Any CPU
		{C73DEE9A-E7F4-4524-ADC6-57732BFB2640}.Release|Any CPU.Build.0 = Release|Any CPU
	EndGlobalSection
	GlobalSection(SolutionProperties) = preSolution
		HideSolutionNode = FALSE
	EndGlobalSection
	GlobalSection(ExtensibilityGlobals) = postSolution
		SolutionGuid = {A75CB1C6-1800-473C-B632-8FA078571FCD}
	EndGlobalSection
EndGlobal
